<?xml version="1.0" encoding="UTF-8" standalone="yes" ?>
<CodeBlocks_project_file>
	<FileVersion major="1" minor="6" />
	<Project>
		<Option title="SFML RPG SURAJ SHARMA" />
		<Option pch_mode="2" />
		<Option compiler="gcc" />
		<Option virtualFolders="GameStates/" />
		<Build>
			<Target title="Debug">
				<Option output="bin/Debug/SFML RPG SURAJ SHARMA" prefix_auto="1" extension_auto="1" />
				<Option object_output="obj/Debug/" />
				<Option type="1" />
				<Option compiler="gcc" />
				<Compiler>
					<Add option="-g" />
					<Add directory="include" />
					<Add directory="GameStates" />
					<Add directory="Entities" />
					<Add directory="ResourceFiles" />
					<Add directory="Components" />
					<Add directory="Tile" />
					<Add directory="GUI" />
					<Add directory="Map" />
				</Compiler>
			</Target>
			<Target title="Release">
				<Option output="bin/Release/SFML RPG SURAJ SHARMA" prefix_auto="1" extension_auto="1" />
				<Option object_output="obj/Release/" />
				<Option type="1" />
				<Option compiler="gcc" />
				<Compiler>
					<Add option="-O2" />
					<Add directory="include" />
					<Add directory="GameStates" />
					<Add directory="Entities" />
					<Add directory="ResourceFiles" />
					<Add directory="Components" />
					<Add directory="Tile" />
					<Add directory="GUI" />
					<Add directory="Map" />
				</Compiler>
				<Linker>
					<Add option="-s" />
				</Linker>
			</Target>
		</Build>
		<Compiler>
			<Add option="-Wall" />
			<Add option="-Winvalid-pch" />
			<Add option='-include &quot;stdafx.h&quot;' />
			<Add option="-DSFML_STATIC" />
			<Add directory="C:/SFML-2.5.1/include" />
		</Compiler>
		<Linker>
			<Add library="sfml-graphics" />
			<Add library="sfml-window" />
			<Add library="sfml-system" />
			<Add library="sfml-audio" />
			<Add library="sfml-network" />
			<Add directory="C:/SFML-2.5.1/lib" />
		</Linker>
		<Unit filename="Components/AnimationComponent.cpp" />
		<Unit filename="Components/AnimationComponent.h" />
		<Unit filename="Components/AttributeComponent.cpp" />
		<Unit filename="Components/AttributeComponent.h" />
		<Unit filename="Components/HitboxComponent.cpp" />
		<Unit filename="Components/HitboxComponent.h" />
		<Unit filename="Components/MovementComponent.cpp" />
		<Unit filename="Components/MovementComponent.h" />
		<Unit filename="Entities/Entity.cpp" />
		<Unit filename="Entities/Entity.h" />
		<Unit filename="Entities/Player.cpp" />
		<Unit filename="Entities/Player.h" />
		<Unit filename="GUI/PauseMenu.cpp" />
		<Unit filename="GUI/PauseMenu.h" />
		<Unit filename="GUI/PlayerGUI.cpp" />
		<Unit filename="GUI/PlayerGUI.h" />
		<Unit filename="GameStates/EditorState.cpp" />
		<Unit filename="GameStates/EditorState.h" />
		<Unit filename="GameStates/GameState.cpp" />
		<Unit filename="GameStates/GameState.h" />
		<Unit filename="GameStates/MainMenuState.cpp" />
		<Unit filename="GameStates/MainMenuState.h" />
		<Unit filename="GameStates/SettingsState.cpp" />
		<Unit filename="GameStates/SettingsState.h" />
		<Unit filename="Map/TileMap.cpp" />
		<Unit filename="Map/TileMap.h" />
		<Unit filename="ResourceFiles/GUI.cpp" />
		<Unit filename="ResourceFiles/GUI.h" />
		<Unit filename="ResourceFiles/fragment_shader.frag" />
		<Unit filename="ResourceFiles/vertex_shader.vert" />
		<Unit filename="Tile/Tile.cpp" />
		<Unit filename="Tile/Tile.h" />
		<Unit filename="include/Game.h" />
		<Unit filename="include/GraphicsSettings.h" />
		<Unit filename="include/State.h">
			<Option virtualFolder="GameStates/" />
		</Unit>
		<Unit filename="include/stdafx.h">
			<Option compile="1" />
			<Option weight="0" />
		</Unit>
		<Unit filename="main.cpp" />
		<Unit filename="src/Game.cpp" />
		<Unit filename="src/GraphicsSettings.cpp" />
		<Unit filename="src/State.cpp">
			<Option virtualFolder="GameStates/" />
		</Unit>
		<Unit filename="src/stdafx.cpp" />
		<Extensions>
			<lib_finder disable_auto="1" />
		</Extensions>
	</Project>
</CodeBlocks_project_file>
